
Microsoft Visual Studio Solution File, Format Version 12.00
# Visual Studio Version 16
VisualStudioVersion = 16.0.30503.244
MinimumVisualStudioVersion = 10.0.40219.1
Project("{9A19103F-16F7-4668-BE54-9A1E7A4F7556}") = "GitHubReleaseChecker", "GitHubReleaseChecker\GitHubReleaseChecker.csproj", "{9C85936A-B91A-4DCA-B513-BE767495D696}"
EndProject
Project("{FAE04EC0-301F-11D3-BF4B-00C04F79EFBC}") = "GitHubReleaseCheckerTests", "GitHubReleaseCheckerTests\GitHubReleaseCheckerTests.csproj", "{0FC26F34-B2C6-484E-B1BC-259AB45CFA12}"
EndProject
Global
	GlobalSection(SolutionConfigurationPlatforms) = preSolution
		Debug|Any CPU = Debug|Any CPU
		Release|Any CPU = Release|Any CPU
	EndGlobalSection
	GlobalSection(ProjectConfigurationPlatforms) = postSolution
		{9C85936A-B91A-4DCA-B513-BE767495D696}.Debug|Any CPU.ActiveCfg = Debug|Any CPU
		{9C85936A-B91A-4DCA-B513-BE767495D696}.Debug|Any CPU.Build.0 = Debug|Any CPU
		{9C85936A-B91A-4DCA-B513-BE767495D696}.Release|Any CPU.ActiveCfg = Release|Any CPU
		{9C85936A-B91A-4DCA-B513-BE767495D696}.Release|Any CPU.Build.0 = Release|Any CPU
		{0FC26F34-B2C6-484E-B1BC-259AB45CFA12}.Debug|Any CPU.ActiveCfg = Debug|Any CPU
		{0FC26F34-B2C6-484E-B1BC-259AB45CFA12}.Debug|Any CPU.Build.0 = Debug|Any CPU
		{0FC26F34-B2C6-484E-B1BC-259AB45CFA12}.Release|Any CPU.ActiveCfg = Release|Any CPU
		{0FC26F34-B2C6-484E-B1BC-259AB45CFA12}.Release|Any CPU.Build.0 = Release|Any CPU
	EndGlobalSection
	GlobalSection(SolutionProperties) = preSolution
		HideSolutionNode = FALSE
	EndGlobalSection
	GlobalSection(ExtensibilityGlobals) = postSolution
		SolutionGuid = {13ED10C0-C932-4F19-B76E-EE4D63D4C429}
	EndGlobalSection
EndGlobal
